// !$*UTF8*$!
{
	archiveVersion = 1;
	classes = {
	};
	objectVersion = 77;
	objects = {

/* Begin PBXBuildFile section */
		A10000000000000000000001 /* LiveActivityWidget.appex in Embed Foundation Extensions */ = {isa = PBXBuildFile; fileRef = A10000000000000000000010 /* LiveActivityWidget.appex */; settings = {ATTRIBUTES = (RemoveHeadersOnCopy, ); }; };
		A10000000000000000000002 /* LiveActivityWidget.swift in Sources */ = {isa = PBXBuildFile; fileRef = A10000000000000000000011 /* LiveActivityWidget.swift */; };
		A10000000000000000000005 /* WalkingModels.swift in Sources */ = {isa = PBXBuildFile; fileRef = A10000000000000000000015 /* WalkingModels.swift */; };
		A10000000000000000000006 /* WalkingActivityAttributes.swift in Sources */ = {isa = PBXBuildFile; fileRef = A10000000000000000000016 /* WalkingActivityAttributes.swift */; };
		A10000000000000000000007 /* StopWalkingIntent.swift in Sources */ = {isa = PBXBuildFile; fileRef = A10000000000000000000017 /* StopWalkingIntent.swift */; };
		A20000000000000000000001 /* Frameworks/TMapSDK.xcframework in Frameworks */ = {isa = PBXBuildFile; fileRef = A20000000000000000000010 /* Frameworks/TMapSDK.xcframework */; };
		A20000000000000000000002 /* Frameworks/VSMSDK.xcframework in Frameworks */ = {isa = PBXBuildFile; fileRef = A20000000000000000000011 /* Frameworks/VSMSDK.xcframework */; };
		A20000000000000000000003 /* Frameworks/TMapSDK.xcframework in Embed Frameworks */ = {isa = PBXBuildFile; fileRef = A20000000000000000000010 /* Frameworks/TMapSDK.xcframework */; settings = {ATTRIBUTES = (CodeSignOnCopy, RemoveHeadersOnCopy, ); }; };
		A20000000000000000000004 /* Frameworks/VSMSDK.xcframework in Embed Frameworks */ = {isa = PBXBuildFile; fileRef = A20000000000000000000011 /* Frameworks/VSMSDK.xcframework */; settings = {ATTRIBUTES = (CodeSignOnCopy, RemoveHeadersOnCopy, ); }; };
		B73989A0300619D500966BF4 /* NMapsMap in Frameworks */ = {isa = PBXBuildFile; productRef = B739899F300619D500966BF4 /* NMapsMap */; };
/* End PBXBuildFile section */

/* Begin PBXContainerItemProxy section */
		A10000000000000000000020 /* PBXContainerItemProxy */ = {
			isa = PBXContainerItemProxy;
			containerPortal = B7F679E23000C6E000631B6E /* Project object */;
			proxyType = 1;
			remoteGlobalIDString = A10000000000000000000030;
			remoteInfo = LiveActivityWidget;
		};
/* End PBXContainerItemProxy section */

/* Begin PBXCopyFilesBuildPhase section */
		A10000000000000000000040 /* Embed Foundation Extensions */ = {
			isa = PBXCopyFilesBuildPhase;
			buildActionMask = 2147483647;
			dstPath = "";
			dstSubfolderSpec = 13;
			files = (
				A10000000000000000000001 /* LiveActivityWidget.appex in Embed Foundation Extensions */,
			);
			name = "Embed Foundation Extensions";
			runOnlyForDeploymentPostprocessing = 0;
		};
		A20000000000000000000020 /* Embed Frameworks */ = {
			isa = PBXCopyFilesBuildPhase;
			buildActionMask = 2147483647;
			dstPath = "";
			dstSubfolderSpec = 10;
			files = (
				A20000000000000000000003 /* Frameworks/TMapSDK.xcframework in Embed Frameworks */,
				A20000000000000000000004 /* Frameworks/VSMSDK.xcframework in Embed Frameworks */,
			);
			name = "Embed Frameworks";
			runOnlyForDeploymentPostprocessing = 0;
		};
/* End PBXCopyFilesBuildPhase section */

/* Begin PBXFileReference section */
		A10000000000000000000010 /* LiveActivityWidget.appex */ = {isa = PBXFileReference; explicitFileType = "wrapper.app-extension"; includeInIndex = 0; path = LiveActivityWidget.appex; sourceTree = BUILT_PRODUCTS_DIR; };
		A10000000000000000000011 /* LiveActivityWidget.swift */ = {isa = PBXFileReference; lastKnownFileType = sourcecode.swift; path = LiveActivityWidget.swift; sourceTree = "<group>"; };
		A10000000000000000000012 /* Info.plist */ = {isa = PBXFileReference; lastKnownFileType = text.plist.xml; path = Info.plist; sourceTree = "<group>"; };
		A10000000000000000000015 /* WalkingModels.swift */ = {isa = PBXFileReference; lastKnownFileType = sourcecode.swift; path = LiveActivity_Practice/Features/Walking/Domain/Models/WalkingModels.swift; sourceTree = SOURCE_ROOT; };
		A10000000000000000000016 /* WalkingActivityAttributes.swift */ = {isa = PBXFileReference; lastKnownFileType = sourcecode.swift; path = LiveActivity_Practice/Features/Walking/Presentation/LiveActivity/WalkingActivityAttributes.swift; sourceTree = SOURCE_ROOT; };
		A10000000000000000000017 /* StopWalkingIntent.swift */ = {isa = PBXFileReference; lastKnownFileType = sourcecode.swift; path = LiveActivity_Practice/Features/Walking/Presentation/LiveActivity/StopWalkingIntent.swift; sourceTree = SOURCE_ROOT; };
		A20000000000000000000010 /* Frameworks/TMapSDK.xcframework */ = {isa = PBXFileReference; lastKnownFileType = wrapper.xcframework; path = Frameworks/TMapSDK.xcframework; sourceTree = SOURCE_ROOT; };
		A20000000000000000000011 /* Frameworks/VSMSDK.xcframework */ = {isa = PBXFileReference; lastKnownFileType = wrapper.xcframework; path = Frameworks/VSMSDK.xcframework; sourceTree = SOURCE_ROOT; };
		B7F679EA3000C6E000631B6E /* LiveActivity_Practice.app */ = {isa = PBXFileReference; explicitFileType = wrapper.application; includeInIndex = 0; path = LiveActivity_Practice.app; sourceTree = BUILT_PRODUCTS_DIR; };
		C30000000000000000000001 /* Config/AppConfiguration.xcconfig */ = {isa = PBXFileReference; lastKnownFileType = text.xcconfig; path = Config/AppConfiguration.xcconfig; sourceTree = SOURCE_ROOT; };
/* End PBXFileReference section */

/* Begin PBXFileSystemSynchronizedRootGroup section */
		B7F679EC3000C6E000631B6E /* LiveActivity_Practice */ = {
			isa = PBXFileSystemSynchronizedRootGroup;
			path = LiveActivity_Practice;
			sourceTree = "<group>";
		};
/* End PBXFileSystemSynchronizedRootGroup section */

/* Begin PBXFrameworksBuildPhase section */
		A10000000000000000000041 /* Frameworks */ = {
			isa = PBXFrameworksBuildPhase;
			buildActionMask = 2147483647;
			files = (
			);
			runOnlyForDeploymentPostprocessing = 0;
		};
		B7F679E73000C6E000631B6E /* Frameworks */ = {
			isa = PBXFrameworksBuildPhase;
			buildActionMask = 2147483647;
			files = (
				A20000000000000000000001 /* Frameworks/TMapSDK.xcframework in Frameworks */,
				B73989A0300619D500966BF4 /* NMapsMap in Frameworks */,
				A20000000000000000000002 /* Frameworks/VSMSDK.xcframework in Frameworks */,
			);
			runOnlyForDeploymentPostprocessing = 0;
		};
/* End PBXFrameworksBuildPhase section */

/* Begin PBXGroup section */
		A10000000000000000000050 /* LiveActivityWidget */ = {
			isa = PBXGroup;
			children = (
				A10000000000000000000011 /* LiveActivityWidget.swift */,
				A10000000000000000000012 /* Info.plist */,
			);
			path = LiveActivityWidget;
			sourceTree = "<group>";
		};
		B7F679E13000C6E000631B6E = {
			isa = PBXGroup;
			children = (
				B7F679EC3000C6E000631B6E /* LiveActivity_Practice */,
				A10000000000000000000050 /* LiveActivityWidget */,
				A10000000000000000000015 /* WalkingModels.swift */,
				A10000000000000000000016 /* WalkingActivityAttributes.swift */,
				A10000000000000000000017 /* StopWalkingIntent.swift */,
				A20000000000000000000010 /* Frameworks/TMapSDK.xcframework */,
				A20000000000000000000011 /* Frameworks/VSMSDK.xcframework */,
				C30000000000000000000001 /* Config/AppConfiguration.xcconfig */,
				B7F679EB3000C6E000631B6E /* Products */,
			);
			sourceTree = "<group>";
		};
		B7F679EB3000C6E000631B6E /* Products */ = {
			isa = PBXGroup;
			children = (
				B7F679EA3000C6E000631B6E /* LiveActivity_Practice.app */,
				A10000000000000000000010 /* LiveActivityWidget.appex */,
			);
			name = Products;
			sourceTree = "<group>";
		};
/* End PBXGroup section */

/* Begin PBXNativeTarget section */
		A10000000000000000000030 /* LiveActivityWidget */ = {
			isa = PBXNativeTarget;
			buildConfigurationList = A10000000000000000000060 /* Build configuration list for PBXNativeTarget "LiveActivityWidget" */;
			buildPhases = (
				A10000000000000000000042 /* Sources */,
				A10000000000000000000041 /* Frameworks */,
				A10000000000000000000043 /* Resources */,
			);
			buildRules = (
			);
			dependencies = (
			);
			name = LiveActivityWidget;
			productName = LiveActivityWidget;
			productReference = A10000000000000000000010 /* LiveActivityWidget.appex */;
			productType = "com.apple.product-type.app-extension";
		};
		B7F679E93000C6E000631B6E /* LiveActivity_Practice */ = {
			isa = PBXNativeTarget;
			buildConfigurationList = B7F679F53000C6E100631B6E /* Build configuration list for PBXNativeTarget "LiveActivity_Practice" */;
			buildPhases = (
				B7F679E63000C6E000631B6E /* Sources */,
				B7F679E73000C6E000631B6E /* Frameworks */,
				B7F679E83000C6E000631B6E /* Resources */,
				A10000000000000000000040 /* Embed Foundation Extensions */,
				A20000000000000000000020 /* Embed Frameworks */,
			);
			buildRules = (
			);
			dependencies = (
				A10000000000000000000021 /* PBXTargetDependency */,
			);
			fileSystemSynchronizedGroups = (
				B7F679EC3000C6E000631B6E /* LiveActivity_Practice */,
			);
			name = LiveActivity_Practice;
			productName = LiveActivity_Practice;
			productReference = B7F679EA3000C6E000631B6E /* LiveActivity_Practice.app */;
			productType = "com.apple.product-type.application";
		};
/* End PBXNativeTarget section */

/* Begin PBXProject section */
		B7F679E23000C6E000631B6E /* Project object */ = {
			isa = PBXProject;
			attributes = {
				BuildIndependentTargetsInParallel = 1;
				LastSwiftUpdateCheck = 2630;
				LastUpgradeCheck = 2630;
				TargetAttributes = {
					A10000000000000000000030 = {
						CreatedOnToolsVersion = 26.3;
					};
					B7F679E93000C6E000631B6E = {
						CreatedOnToolsVersion = 26.3;
					};
				};
			};
			buildConfigurationList = B7F679E53000C6E000631B6E /* Build configuration list for PBXProject "LiveActivity_Practice" */;
			developmentRegion = en;
			hasScannedForEncodings = 0;
			knownRegions = (
				en,
				Base,
			);
			mainGroup = B7F679E13000C6E000631B6E;
			minimizedProjectReferenceProxies = 1;
			packageReferences = (
				B739899E300619D500966BF4 /* XCRemoteSwiftPackageReference "SPM-NMapsMap" */,
			);
			preferredProjectObjectVersion = 77;
			productRefGroup = B7F679EB3000C6E000631B6E /* Products */;
			projectDirPath = "";
			projectRoot = "";
			targets = (
				B7F679E93000C6E000631B6E /* LiveActivity_Practice */,
				A10000000000000000000030 /* LiveActivityWidget */,
			);
		};
/* End PBXProject section */

/* Begin PBXResourcesBuildPhase section */
		A10000000000000000000043 /* Resources */ = {
			isa = PBXResourcesBuildPhase;
			buildActionMask = 2147483647;
			files = (
			);
			runOnlyForDeploymentPostprocessing = 0;
		};
		B7F679E83000C6E000631B6E /* Resources */ = {
			isa = PBXResourcesBuildPhase;
			buildActionMask = 2147483647;
			files = (
			);
			runOnlyForDeploymentPostprocessing = 0;
		};
/* End PBXResourcesBuildPhase section */

/* Begin PBXSourcesBuildPhase section */
		A10000000000000000000042 /* Sources */ = {
			isa = PBXSourcesBuildPhase;
			buildActionMask = 2147483647;
			files = (
				A10000000000000000000002 /* LiveActivityWidget.swift in Sources */,
				A10000000000000000000005 /* WalkingModels.swift in Sources */,
				A10000000000000000000006 /* WalkingActivityAttributes.swift in Sources */,
				A10000000000000000000007 /* StopWalkingIntent.swift in Sources */,
			);
			runOnlyForDeploymentPostprocessing = 0;
		};
		B7F679E63000C6E000631B6E /* Sources */ = {
			isa = PBXSourcesBuildPhase;
			buildActionMask = 2147483647;
			files = (
			);
			runOnlyForDeploymentPostprocessing = 0;
		};
/* End PBXSourcesBuildPhase section */

/* Begin PBXTargetDependency section */
		A10000000000000000000021 /* PBXTargetDependency */ = {
			isa = PBXTargetDependency;
			target = A10000000000000000000030 /* LiveActivityWidget */;
			targetProxy = A10000000000000000000020 /* PBXContainerItemProxy */;
		};
/* End PBXTargetDependency section */

/* Begin XCBuildConfiguration section */
		A10000000000000000000061 /* Debug */ = {
			isa = XCBuildConfiguration;
			buildSettings = {
				APPLICATION_EXTENSION_API_ONLY = YES;
				CODE_SIGN_STYLE = Automatic;
				CURRENT_PROJECT_VERSION = 1;
				DEVELOPMENT_TEAM = 7HK4Z95VZD;
				GENERATE_INFOPLIST_FILE = NO;
				INFOPLIST_FILE = LiveActivityWidget/Info.plist;
				IPHONEOS_DEPLOYMENT_TARGET = 26.2;
				LD_RUNPATH_SEARCH_PATHS = (
					"$(inherited)",
					"@executable_path/Frameworks",
					"@executable_path/../../Frameworks",
				);
				MARKETING_VERSION = 1.0;
				PRODUCT_BUNDLE_IDENTIFIER = "HJ.com.LiveActivity-Practice.LiveActivityWidget";
				PRODUCT_NAME = "$(TARGET_NAME)";
				SKIP_INSTALL = YES;
				SWIFT_APPROACHABLE_CONCURRENCY = YES;
				SWIFT_DEFAULT_ACTOR_ISOLATION = MainActor;
				SWIFT_EMIT_LOC_STRINGS = YES;
				SWIFT_VERSION = 5.0;
				TARGETED_DEVICE_FAMILY = "1,2";
			};
			name = Debug;
		};
		A10000000000000000000062 /* Release */ = {
			isa = XCBuildConfiguration;
			buildSettings = {
				APPLICATION_EXTENSION_API_ONLY = YES;
				CODE_SIGN_STYLE = Automatic;
				CURRENT_PROJECT_VERSION = 1;
				DEVELOPMENT_TEAM = 7HK4Z95VZD;
				GENERATE_INFOPLIST_FILE = NO;
				INFOPLIST_FILE = LiveActivityWidget/Info.plist;
				IPHONEOS_DEPLOYMENT_TARGET = 26.2;
				LD_RUNPATH_SEARCH_PATHS = (
					"$(inherited)",
					"@executable_path/Frameworks",
					"@executable_path/../../Frameworks",
				);
				MARKETING_VERSION = 1.0;
				PRODUCT_BUNDLE_IDENTIFIER = "HJ.com.LiveActivity-Practice.LiveActivityWidget";
				PRODUCT_NAME = "$(TARGET_NAME)";
				SKIP_INSTALL = YES;
				SWIFT_APPROACHABLE_CONCURRENCY = YES;
				SWIFT_DEFAULT_ACTOR_ISOLATION = MainActor;
				SWIFT_EMIT_LOC_STRINGS = YES;
				SWIFT_VERSION = 5.0;
				TARGETED_DEVICE_FAMILY = "1,2";
			};
			name = Release;
		};
		B7F679F33000C6E100631B6E /* Debug */ = {
			isa = XCBuildConfiguration;
			buildSettings = {
				ALWAYS_SEARCH_USER_PATHS = NO;
				ASSETCATALOG_COMPILER_GENERATE_SWIFT_ASSET_SYMBOL_EXTENSIONS = YES;
				CLANG_ANALYZER_NONNULL = YES;
				CLANG_ANALYZER_NUMBER_OBJECT_CONVERSION = YES_AGGRESSIVE;
				CLANG_CXX_LANGUAGE_STANDARD = "gnu++20";
				CLANG_ENABLE_MODULES = YES;
				CLANG_ENABLE_OBJC_ARC = YES;
				CLANG_ENABLE_OBJC_WEAK = YES;
				CLANG_WARN_BLOCK_CAPTURE_AUTORELEASING = YES;
				CLANG_WARN_BOOL_CONVERSION = YES;
				CLANG_WARN_COMMA = YES;
				CLANG_WARN_CONSTANT_CONVERSION = YES;
				CLANG_WARN_DEPRECATED_OBJC_IMPLEMENTATIONS = YES;
				CLANG_WARN_DIRECT_OBJC_ISA_USAGE = YES_ERROR;
				CLANG_WARN_DOCUMENTATION_COMMENTS = YES;
				CLANG_WARN_EMPTY_BODY = YES;
				CLANG_WARN_ENUM_CONVERSION = YES;
				CLANG_WARN_INFINITE_RECURSION = YES;
				CLANG_WARN_INT_CONVERSION = YES;
				CLANG_WARN_NON_LITERAL_NULL_CONVERSION = YES;
				CLANG_WARN_OBJC_IMPLICIT_RETAIN_SELF = YES;
				CLANG_WARN_OBJC_LITERAL_CONVERSION = YES;
				CLANG_WARN_OBJC_ROOT_CLASS = YES_ERROR;
				CLANG_WARN_QUOTED_INCLUDE_IN_FRAMEWORK_HEADER = YES;
				CLANG_WARN_RANGE_LOOP_ANALYSIS = YES;
				CLANG_WARN_STRICT_PROTOTYPES = YES;
				CLANG_WARN_SUSPICIOUS_MOVE = YES;
				CLANG_WARN_UNGUARDED_AVAILABILITY = YES_AGGRESSIVE;
				CLANG_WARN_UNREACHABLE_CODE = YES;
				CLANG_WARN__DUPLICATE_METHOD_MATCH = YES;
				COPY_PHASE_STRIP = NO;
				DEBUG_INFORMATION_FORMAT = dwarf;
				DEVELOPMENT_TEAM = 7HK4Z95VZD;
				ENABLE_STRICT_OBJC_MSGSEND = YES;
				ENABLE_TESTABILITY = YES;
				ENABLE_USER_SCRIPT_SANDBOXING = YES;
				GCC_C_LANGUAGE_STANDARD = gnu17;
				GCC_DYNAMIC_NO_PIC = NO;
				GCC_NO_COMMON_BLOCKS = YES;
				GCC_OPTIMIZATION_LEVEL = 0;
				GCC_PREPROCESSOR_DEFINITIONS = (
					"DEBUG=1",
					"$(inherited)",
				);
				GCC_WARN_64_TO_32_BIT_CONVERSION = YES;
				GCC_WARN_ABOUT_RETURN_TYPE = YES_ERROR;
				GCC_WARN_UNDECLARED_SELECTOR = YES;
				GCC_WARN_UNINITIALIZED_AUTOS = YES_AGGRESSIVE;
				GCC_WARN_UNUSED_FUNCTION = YES;
				GCC_WARN_UNUSED_VARIABLE = YES;
				IPHONEOS_DEPLOYMENT_TARGET = 26.2;
				LOCALIZATION_PREFERS_STRING_CATALOGS = YES;
				MTL_ENABLE_DEBUG_INFO = INCLUDE_SOURCE;
				MTL_FAST_MATH = YES;
				ONLY_ACTIVE_ARCH = YES;
				SDKROOT = iphoneos;
				SWIFT_ACTIVE_COMPILATION_CONDITIONS = "DEBUG $(inherited)";
				SWIFT_OPTIMIZATION_LEVEL = "-Onone";
			};
			name = Debug;
		};
		B7F679F43000C6E100631B6E /* Release */ = {
			isa = XCBuildConfiguration;
			buildSettings = {
				ALWAYS_SEARCH_USER_PATHS = NO;
				ASSETCATALOG_COMPILER_GENERATE_SWIFT_ASSET_SYMBOL_EXTENSIONS = YES;
				CLANG_ANALYZER_NONNULL = YES;
				CLANG_ANALYZER_NUMBER_OBJECT_CONVERSION = YES_AGGRESSIVE;
				CLANG_CXX_LANGUAGE_STANDARD = "gnu++20";
				CLANG_ENABLE_MODULES = YES;
				CLANG_ENABLE_OBJC_ARC = YES;
				CLANG_ENABLE_OBJC_WEAK = YES;
				CLANG_WARN_BLOCK_CAPTURE_AUTORELEASING = YES;
				CLANG_WARN_BOOL_CONVERSION = YES;
				CLANG_WARN_COMMA = YES;
				CLANG_WARN_CONSTANT_CONVERSION = YES;
				CLANG_WARN_DEPRECATED_OBJC_IMPLEMENTATIONS = YES;
				CLANG_WARN_DIRECT_OBJC_ISA_USAGE = YES_ERROR;
				CLANG_WARN_DOCUMENTATION_COMMENTS = YES;
				CLANG_WARN_EMPTY_BODY = YES;
				CLANG_WARN_ENUM_CONVERSION = YES;
				CLANG_WARN_INFINITE_RECURSION = YES;
				CLANG_WARN_INT_CONVERSION = YES;
				CLANG_WARN_NON_LITERAL_NULL_CONVERSION = YES;
				CLANG_WARN_OBJC_IMPLICIT_RETAIN_SELF = YES;
				CLANG_WARN_OBJC_LITERAL_CONVERSION = YES;
				CLANG_WARN_OBJC_ROOT_CLASS = YES_ERROR;
				CLANG_WARN_QUOTED_INCLUDE_IN_FRAMEWORK_HEADER = YES;
				CLANG_WARN_RANGE_LOOP_ANALYSIS = YES;
				CLANG_WARN_STRICT_PROTOTYPES = YES;
				CLANG_WARN_SUSPICIOUS_MOVE = YES;
				CLANG_WARN_UNGUARDED_AVAILABILITY = YES_AGGRESSIVE;
				CLANG_WARN_UNREACHABLE_CODE = YES;
				CLANG_WARN__DUPLICATE_METHOD_MATCH = YES;
				COPY_PHASE_STRIP = NO;
				DEBUG_INFORMATION_FORMAT = "dwarf-with-dsym";
				DEVELOPMENT_TEAM = 7HK4Z95VZD;
				ENABLE_NS_ASSERTIONS = NO;
				ENABLE_STRICT_OBJC_MSGSEND = YES;
				ENABLE_USER_SCRIPT_SANDBOXING = YES;
				GCC_C_LANGUAGE_STANDARD = gnu17;
				GCC_NO_COMMON_BLOCKS = YES;
				GCC_WARN_64_TO_32_BIT_CONVERSION = YES;
				GCC_WARN_ABOUT_RETURN_TYPE = YES_ERROR;
				GCC_WARN_UNDECLARED_SELECTOR = YES;
				GCC_WARN_UNINITIALIZED_AUTOS = YES_AGGRESSIVE;
				GCC_WARN_UNUSED_FUNCTION = YES;
				GCC_WARN_UNUSED_VARIABLE = YES;
				IPHONEOS_DEPLOYMENT_TARGET = 26.2;
				LOCALIZATION_PREFERS_STRING_CATALOGS = YES;
				MTL_ENABLE_DEBUG_INFO = NO;
				MTL_FAST_MATH = YES;
				SDKROOT = iphoneos;
				SWIFT_COMPILATION_MODE = wholemodule;
				VALIDATE_PRODUCT = YES;
			};
			name = Release;
		};
		B7F679F63000C6E100631B6E /* Debug */ = {
			isa = XCBuildConfiguration;
			baseConfigurationReference = C30000000000000000000001 /* Config/AppConfiguration.xcconfig */;
			buildSettings = {
				ASSETCATALOG_COMPILER_APPICON_NAME = AppIcon;
				ASSETCATALOG_COMPILER_GLOBAL_ACCENT_COLOR_NAME = AccentColor;
				CODE_SIGN_STYLE = Automatic;
				CURRENT_PROJECT_VERSION = 1;
				DEVELOPMENT_TEAM = 7HK4Z95VZD;
				ENABLE_PREVIEWS = YES;
				GENERATE_INFOPLIST_FILE = YES;
				INFOPLIST_FILE = Config/AppInfo.plist;
				INFOPLIST_KEY_NSLocationWhenInUseUsageDescription = "도보 경로 진행 상황과 다음 분기점을 안내하기 위해 위치를 사용합니다.";
				INFOPLIST_KEY_NSSupportsLiveActivities = YES;
				INFOPLIST_KEY_UIApplicationSceneManifest_Generation = YES;
				INFOPLIST_KEY_UIApplicationSupportsIndirectInputEvents = YES;
				INFOPLIST_KEY_UIBackgroundModes = location;
				INFOPLIST_KEY_UILaunchScreen_Generation = YES;
				INFOPLIST_KEY_UISupportedInterfaceOrientations_iPad = "UIInterfaceOrientationPortrait UIInterfaceOrientationPortraitUpsideDown UIInterfaceOrientationLandscapeLeft UIInterfaceOrientationLandscapeRight";
				INFOPLIST_KEY_UISupportedInterfaceOrientations_iPhone = "UIInterfaceOrientationPortrait UIInterfaceOrientationLandscapeLeft UIInterfaceOrientationLandscapeRight";
				LD_RUNPATH_SEARCH_PATHS = (
					"$(inherited)",
					"@executable_path/Frameworks",
				);
				MARKETING_VERSION = 1.0;
				PRODUCT_BUNDLE_IDENTIFIER = "HJ.com.LiveActivity-Practice";
				PRODUCT_NAME = "$(TARGET_NAME)";
				STRING_CATALOG_GENERATE_SYMBOLS = YES;
				SWIFT_APPROACHABLE_CONCURRENCY = YES;
				SWIFT_DEFAULT_ACTOR_ISOLATION = MainActor;
				SWIFT_EMIT_LOC_STRINGS = YES;
				SWIFT_UPCOMING_FEATURE_MEMBER_IMPORT_VISIBILITY = YES;
				SWIFT_VERSION = 5.0;
				TARGETED_DEVICE_FAMILY = "1,2";
			};
			name = Debug;
		};
		B7F679F73000C6E100631B6E /* Release */ = {
			isa = XCBuildConfiguration;
			baseConfigurationReference = C30000000000000000000001 /* Config/AppConfiguration.xcconfig */;
			buildSettings = {
				ASSETCATALOG_COMPILER_APPICON_NAME = AppIcon;
				ASSETCATALOG_COMPILER_GLOBAL_ACCENT_COLOR_NAME = AccentColor;
				CODE_SIGN_STYLE = Automatic;
				CURRENT_PROJECT_VERSION = 1;
				DEVELOPMENT_TEAM = 7HK4Z95VZD;
				ENABLE_PREVIEWS = YES;
				GENERATE_INFOPLIST_FILE = YES;
				INFOPLIST_FILE = Config/AppInfo.plist;
				INFOPLIST_KEY_NSLocationWhenInUseUsageDescription = "도보 경로 진행 상황과 다음 분기점을 안내하기 위해 위치를 사용합니다.";
				INFOPLIST_KEY_NSSupportsLiveActivities = YES;
				INFOPLIST_KEY_UIApplicationSceneManifest_Generation = YES;
				INFOPLIST_KEY_UIApplicationSupportsIndirectInputEvents = YES;
				INFOPLIST_KEY_UIBackgroundModes = location;
				INFOPLIST_KEY_UILaunchScreen_Generation = YES;
				INFOPLIST_KEY_UISupportedInterfaceOrientations_iPad = "UIInterfaceOrientationPortrait UIInterfaceOrientationPortraitUpsideDown UIInterfaceOrientationLandscapeLeft UIInterfaceOrientationLandscapeRight";
				INFOPLIST_KEY_UISupportedInterfaceOrientations_iPhone = "UIInterfaceOrientationPortrait UIInterfaceOrientationLandscapeLeft UIInterfaceOrientationLandscapeRight";
				LD_RUNPATH_SEARCH_PATHS = (
					"$(inherited)",
					"@executable_path/Frameworks",
				);
				MARKETING_VERSION = 1.0;
				PRODUCT_BUNDLE_IDENTIFIER = "HJ.com.LiveActivity-Practice";
				PRODUCT_NAME = "$(TARGET_NAME)";
				STRING_CATALOG_GENERATE_SYMBOLS = YES;
				SWIFT_APPROACHABLE_CONCURRENCY = YES;
				SWIFT_DEFAULT_ACTOR_ISOLATION = MainActor;
				SWIFT_EMIT_LOC_STRINGS = YES;
				SWIFT_UPCOMING_FEATURE_MEMBER_IMPORT_VISIBILITY = YES;
				SWIFT_VERSION = 5.0;
				TARGETED_DEVICE_FAMILY = "1,2";
			};
			name = Release;
		};
/* End XCBuildConfiguration section */

/* Begin XCConfigurationList section */
		A10000000000000000000060 /* Build configuration list for PBXNativeTarget "LiveActivityWidget" */ = {
			isa = XCConfigurationList;
			buildConfigurations = (
				A10000000000000000000061 /* Debug */,
				A10000000000000000000062 /* Release */,
			);
			defaultConfigurationIsVisible = 0;
			defaultConfigurationName = Release;
		};
		B7F679E53000C6E000631B6E /* Build configuration list for PBXProject "LiveActivity_Practice" */ = {
			isa = XCConfigurationList;
			buildConfigurations = (
				B7F679F33000C6E100631B6E /* Debug */,
				B7F679F43000C6E100631B6E /* Release */,
			);
			defaultConfigurationIsVisible = 0;
			defaultConfigurationName = Release;
		};
		B7F679F53000C6E100631B6E /* Build configuration list for PBXNativeTarget "LiveActivity_Practice" */ = {
			isa = XCConfigurationList;
			buildConfigurations = (
				B7F679F63000C6E100631B6E /* Debug */,
				B7F679F73000C6E100631B6E /* Release */,
			);
			defaultConfigurationIsVisible = 0;
			defaultConfigurationName = Release;
		};
/* End XCConfigurationList section */

/* Begin XCRemoteSwiftPackageReference section */
		B739899E300619D500966BF4 /* XCRemoteSwiftPackageReference "SPM-NMapsMap" */ = {
			isa = XCRemoteSwiftPackageReference;
			repositoryURL = "https://github.com/navermaps/SPM-NMapsMap";
			requirement = {
				kind = upToNextMajorVersion;
				minimumVersion = 3.23.3;
			};
		};
/* End XCRemoteSwiftPackageReference section */

/* Begin XCSwiftPackageProductDependency section */
		B739899F300619D500966BF4 /* NMapsMap */ = {
			isa = XCSwiftPackageProductDependency;
			package = B739899E300619D500966BF4 /* XCRemoteSwiftPackageReference "SPM-NMapsMap" */;
			productName = NMapsMap;
		};
/* End XCSwiftPackageProductDependency section */
	};
	rootObject = B7F679E23000C6E000631B6E /* Project object */;
}
